
Microsoft Visual Studio Solution File, Format Version 12.00
# Visual Studio Version 17
VisualStudioVersion = 17.1.32328.378
MinimumVisualStudioVersion = 10.0.40219.1
Project("{FAE04EC0-301F-11D3-BF4B-00C04F79EFBC}") = "OA.Data", "OA.Data\OA.Data.csproj", "{D9D0A6C3-A4B2-48F5-9248-02AAF4C3918C}"
EndProject
Project("{FAE04EC0-301F-11D3-BF4B-00C04F79EFBC}") = "OA.REPO", "OA.REPO\OA.REPO.csproj", "{FD932A3F-317D-410E-87CA-83A814116CEB}"
EndProject
Project("{FAE04EC0-301F-11D3-BF4B-00C04F79EFBC}") = "OAService", "OAService\OAService.csproj", "{839F0E0A-2EBA-4846-AC15-F8E94C2C465E}"
EndProject
Global
	GlobalSection(SolutionConfigurationPlatforms) = preSolution
		Debug|Any CPU = Debug|Any CPU
		Release|Any CPU = Release|Any CPU
	EndGlobalSection
	GlobalSection(ProjectConfigurationPlatforms) = postSolution
		{D9D0A6C3-A4B2-48F5-9248-02AAF4C3918C}.Debug|Any CPU.ActiveCfg = Debug|Any CPU
		{D9D0A6C3-A4B2-48F5-9248-02AAF4C3918C}.Debug|Any CPU.Build.0 = Debug|Any CPU
		{D9D0A6C3-A4B2-48F5-9248-02AAF4C3918C}.Release|Any CPU.ActiveCfg = Release|Any CPU
		{D9D0A6C3-A4B2-48F5-9248-02AAF4C3918C}.Release|Any CPU.Build.0 = Release|Any CPU
		{FD932A3F-317D-410E-87CA-83A814116CEB}.Debug|Any CPU.ActiveCfg = Debug|Any CPU
		{FD932A3F-317D-410E-87CA-83A814116CEB}.Debug|Any CPU.Build.0 = Debug|Any CPU
		{FD932A3F-317D-410E-87CA-83A814116CEB}.Release|Any CPU.ActiveCfg = Release|Any CPU
		{FD932A3F-317D-410E-87CA-83A814116CEB}.Release|Any CPU.Build.0 = Release|Any CPU
		{839F0E0A-2EBA-4846-AC15-F8E94C2C465E}.Debug|Any CPU.ActiveCfg = Debug|Any CPU
		{839F0E0A-2EBA-4846-AC15-F8E94C2C465E}.Debug|Any CPU.Build.0 = Debug|Any CPU
		{839F0E0A-2EBA-4846-AC15-F8E94C2C465E}.Release|Any CPU.ActiveCfg = Release|Any CPU
		{839F0E0A-2EBA-4846-AC15-F8E94C2C465E}.Release|Any CPU.Build.0 = Release|Any CPU
	EndGlobalSection
	GlobalSection(SolutionProperties) = preSolution
		HideSolutionNode = FALSE
	EndGlobalSection
	GlobalSection(ExtensibilityGlobals) = postSolution
		SolutionGuid = {B49522AC-3DE6-4F30-8DEE-FA9F96137A30}
	EndGlobalSection
EndGlobal
